
Microsoft Visual Studio Solution File, Format Version 12.00
# Visual Studio Version 16
VisualStudioVersion = 16.0.29324.140
MinimumVisualStudioVersion = 10.0.40219.1
Project("{FAE04EC0-301F-11D3-BF4B-00C04F79EFBC}") = "Conveyer", "Conveyer\Conveyer.csproj", "{47096449-9A8E-4EA9-BBE5-06B21B5E731B}"
EndProject
Global
	GlobalSection(SolutionConfigurationPlatforms) = preSolution
		Debug|Any CPU = Debug|Any CPU
		Release|Any CPU = Release|Any CPU
	EndGlobalSection
	GlobalSection(ProjectConfigurationPlatforms) = postSolution
		{47096449-9A8E-4EA9-BBE5-06B21B5E731B}.Debug|Any CPU.ActiveCfg = Debug|Any CPU
		{47096449-9A8E-4EA9-BBE5-06B21B5E731B}.Debug|Any CPU.Build.0 = Debug|Any CPU
		{47096449-9A8E-4EA9-BBE5-06B21B5E731B}.Release|Any CPU.ActiveCfg = Release|Any CPU
		{47096449-9A8E-4EA9-BBE5-06B21B5E731B}.Release|Any CPU.Build.0 = Release|Any CPU
	EndGlobalSection
	GlobalSection(SolutionProperties) = preSolution
		HideSolutionNode = FALSE
	EndGlobalSection
	GlobalSection(ExtensibilityGlobals) = postSolution
		SolutionGuid = {1357B5C2-5A83-4F57-946A-AD7A63E008D7}
	EndGlobalSection
EndGlobal
